
Microsoft Visual Studio Solution File, Format Version 12.00
# Visual Studio Version 16
VisualStudioVersion = 16.0.31402.337
MinimumVisualStudioVersion = 10.0.40219.1
Project("{FAE04EC0-301F-11D3-BF4B-00C04F79EFBC}") = "Lesson3_3", "Lesson3_3\Lesson3_3.csproj", "{F5A5CF05-3348-4352-86C6-AB69F233D0A3}"
EndProject
Global
	GlobalSection(SolutionConfigurationPlatforms) = preSolution
		Debug|Any CPU = Debug|Any CPU
		Release|Any CPU = Release|Any CPU
	EndGlobalSection
	GlobalSection(ProjectConfigurationPlatforms) = postSolution
		{F5A5CF05-3348-4352-86C6-AB69F233D0A3}.Debug|Any CPU.ActiveCfg = Debug|Any CPU
		{F5A5CF05-3348-4352-86C6-AB69F233D0A3}.Debug|Any CPU.Build.0 = Debug|Any CPU
		{F5A5CF05-3348-4352-86C6-AB69F233D0A3}.Release|Any CPU.ActiveCfg = Release|Any CPU
		{F5A5CF05-3348-4352-86C6-AB69F233D0A3}.Release|Any CPU.Build.0 = Release|Any CPU
	EndGlobalSection
	GlobalSection(SolutionProperties) = preSolution
		HideSolutionNode = FALSE
	EndGlobalSection
	GlobalSection(ExtensibilityGlobals) = postSolution
		SolutionGuid = {B7968CD9-2C25-49A1-A5B5-1619A405AB9F}
	EndGlobalSection
EndGlobal
